// !$*UTF8*$!
{
	archiveVersion = 1;
	classes = {
	};
	objectVersion = 55;
	objects = {

/* Begin PBXBuildFile section */
		75032BEE2740298E000EEDA4 /* DevoteApp.swift in Sources */ = {isa = PBXBuildFile; fileRef = 75032BED2740298E000EEDA4 /* DevoteApp.swift */; };
		75032BF02740298E000EEDA4 /* ContentView.swift in Sources */ = {isa = PBXBuildFile; fileRef = 75032BEF2740298E000EEDA4 /* ContentView.swift */; };
		75032BF227402992000EEDA4 /* Assets.xcassets in Resources */ = {isa = PBXBuildFile; fileRef = 75032BF127402992000EEDA4 /* Assets.xcassets */; };
		75032BF527402992000EEDA4 /* Preview Assets.xcassets in Resources */ = {isa = PBXBuildFile; fileRef = 75032BF427402992000EEDA4 /* Preview Assets.xcassets */; };
		75032BF727402992000EEDA4 /* Persistence.swift in Sources */ = {isa = PBXBuildFile; fileRef = 75032BF627402992000EEDA4 /* Persistence.swift */; };
		75032BFA27402992000EEDA4 /* Devote.xcdatamodeld in Sources */ = {isa = PBXBuildFile; fileRef = 75032BF827402992000EEDA4 /* Devote.xcdatamodeld */; };
		8600462127429D0200371A1F /* sound-tap.mp3 in Resources */ = {isa = PBXBuildFile; fileRef = 8600461E27429D0200371A1F /* sound-tap.mp3 */; };
		8600462227429D0200371A1F /* sound-rise.mp3 in Resources */ = {isa = PBXBuildFile; fileRef = 8600461F27429D0200371A1F /* sound-rise.mp3 */; };
		8600462327429D0200371A1F /* sound-ding.mp3 in Resources */ = {isa = PBXBuildFile; fileRef = 8600462027429D0200371A1F /* sound-ding.mp3 */; };
		860046292742A83200371A1F /* Constants.swift in Sources */ = {isa = PBXBuildFile; fileRef = 860046282742A83200371A1F /* Constants.swift */; };
		8600462B2742B2B900371A1F /* HideKeyboardExtension.swift in Sources */ = {isa = PBXBuildFile; fileRef = 8600462A2742B2B900371A1F /* HideKeyboardExtension.swift */; };
		8644461A2743F42200E7F0DB /* NewTaskItemView.swift in Sources */ = {isa = PBXBuildFile; fileRef = 864446192743F42200E7F0DB /* NewTaskItemView.swift */; };
		8644461C2743FEB200E7F0DB /* BlankView.swift in Sources */ = {isa = PBXBuildFile; fileRef = 8644461B2743FEB200E7F0DB /* BlankView.swift */; };
		86498BFA2743A32500F42CF1 /* BackgrondImageView.swift in Sources */ = {isa = PBXBuildFile; fileRef = 86498BF92743A32400F42CF1 /* BackgrondImageView.swift */; };
		8657BECF2744F49B009CA668 /* CheckboxStyle.swift in Sources */ = {isa = PBXBuildFile; fileRef = 8657BECE2744F49B009CA668 /* CheckboxStyle.swift */; };
		8657BED127450713009CA668 /* SoundPlayer.swift in Sources */ = {isa = PBXBuildFile; fileRef = 8657BED027450713009CA668 /* SoundPlayer.swift */; };
		86AB7F062744E8B000B8E035 /* ListRowItemView.swift in Sources */ = {isa = PBXBuildFile; fileRef = 86AB7F052744E8B000B8E035 /* ListRowItemView.swift */; };
/* End PBXBuildFile section */

/* Begin PBXFileReference section */
		75032BEA2740298E000EEDA4 /* Devote.app */ = {isa = PBXFileReference; explicitFileType = wrapper.application; includeInIndex = 0; path = Devote.app; sourceTree = BUILT_PRODUCTS_DIR; };
		75032BED2740298E000EEDA4 /* DevoteApp.swift */ = {isa = PBXFileReference; lastKnownFileType = sourcecode.swift; path = DevoteApp.swift; sourceTree = "<group>"; };
		75032BEF2740298E000EEDA4 /* ContentView.swift */ = {isa = PBXFileReference; lastKnownFileType = sourcecode.swift; path = ContentView.swift; sourceTree = "<group>"; };
		75032BF127402992000EEDA4 /* Assets.xcassets */ = {isa = PBXFileReference; lastKnownFileType = folder.assetcatalog; path = Assets.xcassets; sourceTree = "<group>"; };
		75032BF427402992000EEDA4 /* Preview Assets.xcassets */ = {isa = PBXFileReference; lastKnownFileType = folder.assetcatalog; path = "Preview Assets.xcassets"; sourceTree = "<group>"; };
		75032BF627402992000EEDA4 /* Persistence.swift */ = {isa = PBXFileReference; lastKnownFileType = sourcecode.swift; path = Persistence.swift; sourceTree = "<group>"; };
		75032BF927402992000EEDA4 /* Devote.xcdatamodel */ = {isa = PBXFileReference; lastKnownFileType = wrapper.xcdatamodel; path = Devote.xcdatamodel; sourceTree = "<group>"; };
		8600461E27429D0200371A1F /* sound-tap.mp3 */ = {isa = PBXFileReference; lastKnownFileType = audio.mp3; path = "sound-tap.mp3"; sourceTree = "<group>"; };
		8600461F27429D0200371A1F /* sound-rise.mp3 */ = {isa = PBXFileReference; lastKnownFileType = audio.mp3; path = "sound-rise.mp3"; sourceTree = "<group>"; };
		8600462027429D0200371A1F /* sound-ding.mp3 */ = {isa = PBXFileReference; lastKnownFileType = audio.mp3; path = "sound-ding.mp3"; sourceTree = "<group>"; };
		860046282742A83200371A1F /* Constants.swift */ = {isa = PBXFileReference; lastKnownFileType = sourcecode.swift; path = Constants.swift; sourceTree = "<group>"; };
		8600462A2742B2B900371A1F /* HideKeyboardExtension.swift */ = {isa = PBXFileReference; lastKnownFileType = sourcecode.swift; path = HideKeyboardExtension.swift; sourceTree = "<group>"; };
		864446192743F42200E7F0DB /* NewTaskItemView.swift */ = {isa = PBXFileReference; lastKnownFileType = sourcecode.swift; path = NewTaskItemView.swift; sourceTree = "<group>"; };
		8644461B2743FEB200E7F0DB /* BlankView.swift */ = {isa = PBXFileReference; lastKnownFileType = sourcecode.swift; path = BlankView.swift; sourceTree = "<group>"; };
		86498BF92743A32400F42CF1 /* BackgrondImageView.swift */ = {isa = PBXFileReference; lastKnownFileType = sourcecode.swift; path = BackgrondImageView.swift; sourceTree = "<group>"; };
		8657BECE2744F49B009CA668 /* CheckboxStyle.swift */ = {isa = PBXFileReference; lastKnownFileType = sourcecode.swift; path = CheckboxStyle.swift; sourceTree = "<group>"; };
		8657BED027450713009CA668 /* SoundPlayer.swift */ = {isa = PBXFileReference; lastKnownFileType = sourcecode.swift; path = SoundPlayer.swift; sourceTree = "<group>"; };
		86AB7F052744E8B000B8E035 /* ListRowItemView.swift */ = {isa = PBXFileReference; lastKnownFileType = sourcecode.swift; path = ListRowItemView.swift; sourceTree = "<group>"; };
		86D9959A27425C4800099772 /* Info.plist */ = {isa = PBXFileReference; lastKnownFileType = text.plist; path = Info.plist; sourceTree = "<group>"; };
/* End PBXFileReference section */

/* Begin PBXFrameworksBuildPhase section */
		75032BE72740298E000EEDA4 /* Frameworks */ = {
			isa = PBXFrameworksBuildPhase;
			buildActionMask = 2147483647;
			files = (
			);
			runOnlyForDeploymentPostprocessing = 0;
		};
/* End PBXFrameworksBuildPhase section */

/* Begin PBXGroup section */
		75032BE12740298E000EEDA4 = {
			isa = PBXGroup;
			children = (
				75032BEC2740298E000EEDA4 /* Devote */,
				75032BEB2740298E000EEDA4 /* Products */,
			);
			sourceTree = "<group>";
		};
		75032BEB2740298E000EEDA4 /* Products */ = {
			isa = PBXGroup;
			children = (
				75032BEA2740298E000EEDA4 /* Devote.app */,
			);
			name = Products;
			sourceTree = "<group>";
		};
		75032BEC2740298E000EEDA4 /* Devote */ = {
			isa = PBXGroup;
			children = (
				86D9959A27425C4800099772 /* Info.plist */,
				75032BED2740298E000EEDA4 /* DevoteApp.swift */,
				75032BF127402992000EEDA4 /* Assets.xcassets */,
				8600461A27429CAC00371A1F /* Extension */,
				8600461927429C9E00371A1F /* Model */,
				75032BF327402992000EEDA4 /* Preview Content */,
				8600461D27429CE400371A1F /* Sound */,
				8600461B27429CBF00371A1F /* Style */,
				8600461C27429CC900371A1F /* Utility */,
				8600461827429C7F00371A1F /* View */,
			);
			path = Devote;
			sourceTree = "<group>";
		};
		75032BF327402992000EEDA4 /* Preview Content */ = {
			isa = PBXGroup;
			children = (
				75032BF427402992000EEDA4 /* Preview Assets.xcassets */,
			);
			path = "Preview Content";
			sourceTree = "<group>";
		};
		8600461827429C7F00371A1F /* View */ = {
			isa = PBXGroup;
			children = (
				86498BF92743A32400F42CF1 /* BackgrondImageView.swift */,
				8644461B2743FEB200E7F0DB /* BlankView.swift */,
				75032BEF2740298E000EEDA4 /* ContentView.swift */,
				86AB7F052744E8B000B8E035 /* ListRowItemView.swift */,
				864446192743F42200E7F0DB /* NewTaskItemView.swift */,
			);
			path = View;
			sourceTree = "<group>";
		};
		8600461927429C9E00371A1F /* Model */ = {
			isa = PBXGroup;
			children = (
				75032BF827402992000EEDA4 /* Devote.xcdatamodeld */,
				75032BF627402992000EEDA4 /* Persistence.swift */,
			);
			path = Model;
			sourceTree = "<group>";
		};
		8600461A27429CAC00371A1F /* Extension */ = {
			isa = PBXGroup;
			children = (
				8600462A2742B2B900371A1F /* HideKeyboardExtension.swift */,
			);
			path = Extension;
			sourceTree = "<group>";
		};
		8600461B27429CBF00371A1F /* Style */ = {
			isa = PBXGroup;
			children = (
				8657BECE2744F49B009CA668 /* CheckboxStyle.swift */,
			);
			path = Style;
			sourceTree = "<group>";
		};
		8600461C27429CC900371A1F /* Utility */ = {
			isa = PBXGroup;
			children = (
				860046282742A83200371A1F /* Constants.swift */,
				8657BED027450713009CA668 /* SoundPlayer.swift */,
			);
			path = Utility;
			sourceTree = "<group>";
		};
		8600461D27429CE400371A1F /* Sound */ = {
			isa = PBXGroup;
			children = (
				8600462027429D0200371A1F /* sound-ding.mp3 */,
				8600461F27429D0200371A1F /* sound-rise.mp3 */,
				8600461E27429D0200371A1F /* sound-tap.mp3 */,
			);
			path = Sound;
			sourceTree = "<group>";
		};
/* End PBXGroup section */

/* Begin PBXNativeTarget section */
		75032BE92740298E000EEDA4 /* Devote */ = {
			isa = PBXNativeTarget;
			buildConfigurationList = 75032BFD27402992000EEDA4 /* Build configuration list for PBXNativeTarget "Devote" */;
			buildPhases = (
				75032BE62740298E000EEDA4 /* Sources */,
				75032BE72740298E000EEDA4 /* Frameworks */,
				75032BE82740298E000EEDA4 /* Resources */,
			);
			buildRules = (
			);
			dependencies = (
			);
			name = Devote;
			productName = Devote;
			productReference = 75032BEA2740298E000EEDA4 /* Devote.app */;
			productType = "com.apple.product-type.application";
		};
/* End PBXNativeTarget section */

/* Begin PBXProject section */
		75032BE22740298E000EEDA4 /* Project object */ = {
			isa = PBXProject;
			attributes = {
				BuildIndependentTargetsInParallel = 1;
				LastSwiftUpdateCheck = 1310;
				LastUpgradeCheck = 1310;
				TargetAttributes = {
					75032BE92740298E000EEDA4 = {
						CreatedOnToolsVersion = 13.1;
					};
				};
			};
			buildConfigurationList = 75032BE52740298E000EEDA4 /* Build configuration list for PBXProject "Devote" */;
			compatibilityVersion = "Xcode 13.0";
			developmentRegion = en;
			hasScannedForEncodings = 0;
			knownRegions = (
				en,
				Base,
			);
			mainGroup = 75032BE12740298E000EEDA4;
			productRefGroup = 75032BEB2740298E000EEDA4 /* Products */;
			projectDirPath = "";
			projectRoot = "";
			targets = (
				75032BE92740298E000EEDA4 /* Devote */,
			);
		};
/* End PBXProject section */

/* Begin PBXResourcesBuildPhase section */
		75032BE82740298E000EEDA4 /* Resources */ = {
			isa = PBXResourcesBuildPhase;
			buildActionMask = 2147483647;
			files = (
				8600462327429D0200371A1F /* sound-ding.mp3 in Resources */,
				8600462127429D0200371A1F /* sound-tap.mp3 in Resources */,
				8600462227429D0200371A1F /* sound-rise.mp3 in Resources */,
				75032BF527402992000EEDA4 /* Preview Assets.xcassets in Resources */,
				75032BF227402992000EEDA4 /* Assets.xcassets in Resources */,
			);
			runOnlyForDeploymentPostprocessing = 0;
		};
/* End PBXResourcesBuildPhase section */

/* Begin PBXSourcesBuildPhase section */
		75032BE62740298E000EEDA4 /* Sources */ = {
			isa = PBXSourcesBuildPhase;
			buildActionMask = 2147483647;
			files = (
				860046292742A83200371A1F /* Constants.swift in Sources */,
				86498BFA2743A32500F42CF1 /* BackgrondImageView.swift in Sources */,
				75032BF727402992000EEDA4 /* Persistence.swift in Sources */,
				8600462B2742B2B900371A1F /* HideKeyboardExtension.swift in Sources */,
				8644461C2743FEB200E7F0DB /* BlankView.swift in Sources */,
				75032BF02740298E000EEDA4 /* ContentView.swift in Sources */,
				86AB7F062744E8B000B8E035 /* ListRowItemView.swift in Sources */,
				75032BFA27402992000EEDA4 /* Devote.xcdatamodeld in Sources */,
				75032BEE2740298E000EEDA4 /* DevoteApp.swift in Sources */,
				8657BECF2744F49B009CA668 /* CheckboxStyle.swift in Sources */,
				8657BED127450713009CA668 /* SoundPlayer.swift in Sources */,
				8644461A2743F42200E7F0DB /* NewTaskItemView.swift in Sources */,
			);
			runOnlyForDeploymentPostprocessing = 0;
		};
/* End PBXSourcesBuildPhase section */

/* Begin XCBuildConfiguration section */
		75032BFB27402992000EEDA4 /* Debug */ = {
			isa = XCBuildConfiguration;
			buildSettings = {
				ALWAYS_SEARCH_USER_PATHS = NO;
				CLANG_ANALYZER_NONNULL = YES;
				CLANG_ANALYZER_NUMBER_OBJECT_CONVERSION = YES_AGGRESSIVE;
				CLANG_CXX_LANGUAGE_STANDARD = "gnu++17";
				CLANG_CXX_LIBRARY = "libc++";
				CLANG_ENABLE_MODULES = YES;
				CLANG_ENABLE_OBJC_ARC = YES;
				CLANG_ENABLE_OBJC_WEAK = YES;
				CLANG_WARN_BLOCK_CAPTURE_AUTORELEASING = YES;
				CLANG_WARN_BOOL_CONVERSION = YES;
				CLANG_WARN_COMMA = YES;
				CLANG_WARN_CONSTANT_CONVERSION = YES;
				CLANG_WARN_DEPRECATED_OBJC_IMPLEMENTATIONS = YES;
				CLANG_WARN_DIRECT_OBJC_ISA_USAGE = YES_ERROR;
				CLANG_WARN_DOCUMENTATION_COMMENTS = YES;
				CLANG_WARN_EMPTY_BODY = YES;
				CLANG_WARN_ENUM_CONVERSION = YES;
				CLANG_WARN_INFINITE_RECURSION = YES;
				CLANG_WARN_INT_CONVERSION = YES;
				CLANG_WARN_NON_LITERAL_NULL_CONVERSION = YES;
				CLANG_WARN_OBJC_IMPLICIT_RETAIN_SELF = YES;
				CLANG_WARN_OBJC_LITERAL_CONVERSION = YES;
				CLANG_WARN_OBJC_ROOT_CLASS = YES_ERROR;
				CLANG_WARN_QUOTED_INCLUDE_IN_FRAMEWORK_HEADER = YES;
				CLANG_WARN_RANGE_LOOP_ANALYSIS = YES;
				CLANG_WARN_STRICT_PROTOTYPES = YES;
				CLANG_WARN_SUSPICIOUS_MOVE = YES;
				CLANG_WARN_UNGUARDED_AVAILABILITY = YES_AGGRESSIVE;
				CLANG_WARN_UNREACHABLE_CODE = YES;
				CLANG_WARN__DUPLICATE_METHOD_MATCH = YES;
				COPY_PHASE_STRIP = NO;
				DEBUG_INFORMATION_FORMAT = dwarf;
				ENABLE_STRICT_OBJC_MSGSEND = YES;
				ENABLE_TESTABILITY = YES;
				GCC_C_LANGUAGE_STANDARD = gnu11;
				GCC_DYNAMIC_NO_PIC = NO;
				GCC_NO_COMMON_BLOCKS = YES;
				GCC_OPTIMIZATION_LEVEL = 0;
				GCC_PREPROCESSOR_DEFINITIONS = (
					"DEBUG=1",
					"$(inherited)",
				);
				GCC_WARN_64_TO_32_BIT_CONVERSION = YES;
				GCC_WARN_ABOUT_RETURN_TYPE = YES_ERROR;
				GCC_WARN_UNDECLARED_SELECTOR = YES;
				GCC_WARN_UNINITIALIZED_AUTOS = YES_AGGRESSIVE;
				GCC_WARN_UNUSED_FUNCTION = YES;
				GCC_WARN_UNUSED_VARIABLE = YES;
				IPHONEOS_DEPLOYMENT_TARGET = 15.0;
				MTL_ENABLE_DEBUG_INFO = INCLUDE_SOURCE;
				MTL_FAST_MATH = YES;
				ONLY_ACTIVE_ARCH = YES;
				SDKROOT = iphoneos;
				SWIFT_ACTIVE_COMPILATION_CONDITIONS = DEBUG;
				SWIFT_OPTIMIZATION_LEVEL = "-Onone";
			};
			name = Debug;
		};
		75032BFC27402992000EEDA4 /* Release */ = {
			isa = XCBuildConfiguration;
			buildSettings = {
				ALWAYS_SEARCH_USER_PATHS = NO;
				CLANG_ANALYZER_NONNULL = YES;
				CLANG_ANALYZER_NUMBER_OBJECT_CONVERSION = YES_AGGRESSIVE;
				CLANG_CXX_LANGUAGE_STANDARD = "gnu++17";
				CLANG_CXX_LIBRARY = "libc++";
				CLANG_ENABLE_MODULES = YES;
				CLANG_ENABLE_OBJC_ARC = YES;
				CLANG_ENABLE_OBJC_WEAK = YES;
				CLANG_WARN_BLOCK_CAPTURE_AUTORELEASING = YES;
				CLANG_WARN_BOOL_CONVERSION = YES;
				CLANG_WARN_COMMA = YES;
				CLANG_WARN_CONSTANT_CONVERSION = YES;
				CLANG_WARN_DEPRECATED_OBJC_IMPLEMENTATIONS = YES;
				CLANG_WARN_DIRECT_OBJC_ISA_USAGE = YES_ERROR;
				CLANG_WARN_DOCUMENTATION_COMMENTS = YES;
				CLANG_WARN_EMPTY_BODY = YES;
				CLANG_WARN_ENUM_CONVERSION = YES;
				CLANG_WARN_INFINITE_RECURSION = YES;
				CLANG_WARN_INT_CONVERSION = YES;
				CLANG_WARN_NON_LITERAL_NULL_CONVERSION = YES;
				CLANG_WARN_OBJC_IMPLICIT_RETAIN_SELF = YES;
				CLANG_WARN_OBJC_LITERAL_CONVERSION = YES;
				CLANG_WARN_OBJC_ROOT_CLASS = YES_ERROR;
				CLANG_WARN_QUOTED_INCLUDE_IN_FRAMEWORK_HEADER = YES;
				CLANG_WARN_RANGE_LOOP_ANALYSIS = YES;
				CLANG_WARN_STRICT_PROTOTYPES = YES;
				CLANG_WARN_SUSPICIOUS_MOVE = YES;
				CLANG_WARN_UNGUARDED_AVAILABILITY = YES_AGGRESSIVE;
				CLANG_WARN_UNREACHABLE_CODE = YES;
				CLANG_WARN__DUPLICATE_METHOD_MATCH = YES;
				COPY_PHASE_STRIP = NO;
				DEBUG_INFORMATION_FORMAT = "dwarf-with-dsym";
				ENABLE_NS_ASSERTIONS = NO;
				ENABLE_STRICT_OBJC_MSGSEND = YES;
				GCC_C_LANGUAGE_STANDARD = gnu11;
				GCC_NO_COMMON_BLOCKS = YES;
				GCC_WARN_64_TO_32_BIT_CONVERSION = YES;
				GCC_WARN_ABOUT_RETURN_TYPE = YES_ERROR;
				GCC_WARN_UNDECLARED_SELECTOR = YES;
				GCC_WARN_UNINITIALIZED_AUTOS = YES_AGGRESSIVE;
				GCC_WARN_UNUSED_FUNCTION = YES;
				GCC_WARN_UNUSED_VARIABLE = YES;
				IPHONEOS_DEPLOYMENT_TARGET = 15.0;
				MTL_ENABLE_DEBUG_INFO = NO;
				MTL_FAST_MATH = YES;
				SDKROOT = iphoneos;
				SWIFT_COMPILATION_MODE = wholemodule;
				SWIFT_OPTIMIZATION_LEVEL = "-O";
				VALIDATE_PRODUCT = YES;
			};
			name = Release;
		};
		75032BFE27402992000EEDA4 /* Debug */ = {
			isa = XCBuildConfiguration;
			buildSettings = {
				ASSETCATALOG_COMPILER_APPICON_NAME = AppIcon;
				ASSETCATALOG_COMPILER_GLOBAL_ACCENT_COLOR_NAME = AccentColor;
				CODE_SIGN_STYLE = Automatic;
				CURRENT_PROJECT_VERSION = 1;
				DEVELOPMENT_ASSET_PATHS = "\"Devote/Preview Content\"";
				DEVELOPMENT_TEAM = B453YZ4Z55;
				ENABLE_PREVIEWS = YES;
				GENERATE_INFOPLIST_FILE = YES;
				INFOPLIST_FILE = Devote/Info.plist;
				INFOPLIST_KEY_UIApplicationSceneManifest_Generation = YES;
				INFOPLIST_KEY_UIApplicationSupportsIndirectInputEvents = YES;
				INFOPLIST_KEY_UISupportedInterfaceOrientations = UIInterfaceOrientationPortrait;
				INFOPLIST_KEY_UISupportedInterfaceOrientations_iPad = "UIInterfaceOrientationPortrait UIInterfaceOrientationPortraitUpsideDown UIInterfaceOrientationLandscapeLeft UIInterfaceOrientationLandscapeRight";
				INFOPLIST_KEY_UISupportedInterfaceOrientations_iPhone = UIInterfaceOrientationPortrait;
				LD_RUNPATH_SEARCH_PATHS = (
					"$(inherited)",
					"@executable_path/Frameworks",
				);
				MARKETING_VERSION = 1.0;
				PRODUCT_BUNDLE_IDENTIFIER = com.perunit.Devote;
				PRODUCT_NAME = "$(TARGET_NAME)";
				SWIFT_EMIT_LOC_STRINGS = YES;
				SWIFT_VERSION = 5.0;
				TARGETED_DEVICE_FAMILY = "1,2";
			};
			name = Debug;
		};
		75032BFF27402992000EEDA4 /* Release */ = {
			isa = XCBuildConfiguration;
			buildSettings = {
				ASSETCATALOG_COMPILER_APPICON_NAME = AppIcon;
				ASSETCATALOG_COMPILER_GLOBAL_ACCENT_COLOR_NAME = AccentColor;
				CODE_SIGN_STYLE = Automatic;
				CURRENT_PROJECT_VERSION = 1;
				DEVELOPMENT_ASSET_PATHS = "\"Devote/Preview Content\"";
				DEVELOPMENT_TEAM = B453YZ4Z55;
				ENABLE_PREVIEWS = YES;
				GENERATE_INFOPLIST_FILE = YES;
				INFOPLIST_FILE = Devote/Info.plist;
				INFOPLIST_KEY_UIApplicationSceneManifest_Generation = YES;
				INFOPLIST_KEY_UIApplicationSupportsIndirectInputEvents = YES;
				INFOPLIST_KEY_UISupportedInterfaceOrientations = UIInterfaceOrientationPortrait;
				INFOPLIST_KEY_UISupportedInterfaceOrientations_iPad = "UIInterfaceOrientationPortrait UIInterfaceOrientationPortraitUpsideDown UIInterfaceOrientationLandscapeLeft UIInterfaceOrientationLandscapeRight";
				INFOPLIST_KEY_UISupportedInterfaceOrientations_iPhone = UIInterfaceOrientationPortrait;
				LD_RUNPATH_SEARCH_PATHS = (
					"$(inherited)",
					"@executable_path/Frameworks",
				);
				MARKETING_VERSION = 1.0;
				PRODUCT_BUNDLE_IDENTIFIER = com.perunit.Devote;
				PRODUCT_NAME = "$(TARGET_NAME)";
				SWIFT_EMIT_LOC_STRINGS = YES;
				SWIFT_VERSION = 5.0;
				TARGETED_DEVICE_FAMILY = "1,2";
			};
			name = Release;
		};
/* End XCBuildConfiguration section */

/* Begin XCConfigurationList section */
		75032BE52740298E000EEDA4 /* Build configuration list for PBXProject "Devote" */ = {
			isa = XCConfigurationList;
			buildConfigurations = (
				75032BFB27402992000EEDA4 /* Debug */,
				75032BFC27402992000EEDA4 /* Release */,
			);
			defaultConfigurationIsVisible = 0;
			defaultConfigurationName = Release;
		};
		75032BFD27402992000EEDA4 /* Build configuration list for PBXNativeTarget "Devote" */ = {
			isa = XCConfigurationList;
			buildConfigurations = (
				75032BFE27402992000EEDA4 /* Debug */,
				75032BFF27402992000EEDA4 /* Release */,
			);
			defaultConfigurationIsVisible = 0;
			defaultConfigurationName = Release;
		};
/* End XCConfigurationList section */

/* Begin XCVersionGroup section */
		75032BF827402992000EEDA4 /* Devote.xcdatamodeld */ = {
			isa = XCVersionGroup;
			children = (
				75032BF927402992000EEDA4 /* Devote.xcdatamodel */,
			);
			currentVersion = 75032BF927402992000EEDA4 /* Devote.xcdatamodel */;
			path = Devote.xcdatamodeld;
			sourceTree = "<group>";
			versionGroupType = wrapper.xcdatamodel;
		};
/* End XCVersionGroup section */
	};
	rootObject = 75032BE22740298E000EEDA4 /* Project object */;
}
